
Microsoft Visual Studio Solution File, Format Version 12.00
# Visual Studio Version 17
VisualStudioVersion = 17.14.36616.10 d17.14
MinimumVisualStudioVersion = 10.0.40219.1
Project("{FAE04EC0-301F-11D3-BF4B-00C04F79EFBC}") = "PracticeForGit", "PracticeForGit\PracticeForGit.csproj", "{B7B4978E-825E-405A-B5B1-1475C1104FC8}"
EndProject
Global
	GlobalSection(SolutionConfigurationPlatforms) = preSolution
		Debug|Any CPU = Debug|Any CPU
		Release|Any CPU = Release|Any CPU
	EndGlobalSection
	GlobalSection(ProjectConfigurationPlatforms) = postSolution
		{B7B4978E-825E-405A-B5B1-1475C1104FC8}.Debug|Any CPU.ActiveCfg = Debug|Any CPU
		{B7B4978E-825E-405A-B5B1-1475C1104FC8}.Debug|Any CPU.Build.0 = Debug|Any CPU
		{B7B4978E-825E-405A-B5B1-1475C1104FC8}.Release|Any CPU.ActiveCfg = Release|Any CPU
		{B7B4978E-825E-405A-B5B1-1475C1104FC8}.Release|Any CPU.Build.0 = Release|Any CPU
	EndGlobalSection
	GlobalSection(SolutionProperties) = preSolution
		HideSolutionNode = FALSE
	EndGlobalSection
	GlobalSection(ExtensibilityGlobals) = postSolution
		SolutionGuid = {7B8EDEF0-CBB3-4E9D-AFD0-79C4BE30205F}
	EndGlobalSection
EndGlobal
